
Microsoft Visual Studio Solution File, Format Version 12.00
# Visual Studio Version 17
VisualStudioVersion = 17.4.33205.214
MinimumVisualStudioVersion = 10.0.40219.1
Project("{FAE04EC0-301F-11D3-BF4B-00C04F79EFBC}") = "LaRottaO.CSharp.Utils.Pbkdf2", "LaRottaO.CSharp.Pbkdf2\LaRottaO.CSharp.Utils.Pbkdf2.csproj", "{6E3AC829-1A4A-4938-86BA-06FA6C3BAA4B}"
EndProject
Global
	GlobalSection(SolutionConfigurationPlatforms) = preSolution
		Debug|Any CPU = Debug|Any CPU
		Release|Any CPU = Release|Any CPU
	EndGlobalSection
	GlobalSection(ProjectConfigurationPlatforms) = postSolution
		{6E3AC829-1A4A-4938-86BA-06FA6C3BAA4B}.Debug|Any CPU.ActiveCfg = Debug|Any CPU
		{6E3AC829-1A4A-4938-86BA-06FA6C3BAA4B}.Debug|Any CPU.Build.0 = Debug|Any CPU
		{6E3AC829-1A4A-4938-86BA-06FA6C3BAA4B}.Release|Any CPU.ActiveCfg = Release|Any CPU
		{6E3AC829-1A4A-4938-86BA-06FA6C3BAA4B}.Release|Any CPU.Build.0 = Release|Any CPU
	EndGlobalSection
	GlobalSection(SolutionProperties) = preSolution
		HideSolutionNode = FALSE
	EndGlobalSection
	GlobalSection(ExtensibilityGlobals) = postSolution
		SolutionGuid = {B2DA6304-1EE0-497E-9898-1872B38739C5}
	EndGlobalSection
EndGlobal
